
Microsoft Visual Studio Solution File, Format Version 10.00
# Visual Studio 2008
Project("{FAE04EC0-301F-11D3-BF4B-00C04F79EFBC}") = "PhpBinding", "PhpBinding\PhpBinding.csproj", "{645D8615-ABD5-4A60-AD29-C898B53AC229}"
EndProject
Global
	GlobalSection(SolutionConfigurationPlatforms) = preSolution
		Debug|Any CPU = Debug|Any CPU
		Release|Any CPU = Release|Any CPU
	EndGlobalSection
	GlobalSection(ProjectConfigurationPlatforms) = postSolution
		{645D8615-ABD5-4A60-AD29-C898B53AC229}.Debug|Any CPU.ActiveCfg = Debug|Any CPU
		{645D8615-ABD5-4A60-AD29-C898B53AC229}.Debug|Any CPU.Build.0 = Debug|Any CPU
		{645D8615-ABD5-4A60-AD29-C898B53AC229}.Release|Any CPU.ActiveCfg = Release|Any CPU
		{645D8615-ABD5-4A60-AD29-C898B53AC229}.Release|Any CPU.Build.0 = Release|Any CPU
	EndGlobalSection
	GlobalSection(MonoDevelopProperties) = preSolution
		StartupItem = PhpBinding\PhpBinding.csproj
	EndGlobalSection
EndGlobal
